
Microsoft Visual Studio Solution File, Format Version 12.00
# Visual Studio 15
Project("{FAE04EC0-301F-11D3-BF4B-00C04F79EFBC}") = "Assembly-CSharp", "Assembly-CSharp.csproj", "{7EFC84BC-6A8A-4549-4886-8514F94E7CBC}"
EndProject
Project("{FAE04EC0-301F-11D3-BF4B-00C04F79EFBC}") = "Assembly-CSharp-firstpass", "Assembly-CSharp-firstpass.csproj", "{97A7BA0D-020B-10DD-00B2-B854B1109823}"
EndProject
Project("{FAE04EC0-301F-11D3-BF4B-00C04F79EFBC}") = "Assembly-CSharp-Editor", "Assembly-CSharp-Editor.csproj", "{C9ACC5E7-EB10-B5D3-1A64-EF8C476D2CE4}"
EndProject
Global
	GlobalSection(SolutionConfigurationPlatforms) = preSolution
		Debug|Any CPU = Debug|Any CPU
		Release|Any CPU = Release|Any CPU
	EndGlobalSection
	GlobalSection(ProjectConfigurationPlatforms) = postSolution
		{7EFC84BC-6A8A-4549-4886-8514F94E7CBC}.Debug|Any CPU.ActiveCfg = Debug|Any CPU
		{7EFC84BC-6A8A-4549-4886-8514F94E7CBC}.Debug|Any CPU.Build.0 = Debug|Any CPU
		{7EFC84BC-6A8A-4549-4886-8514F94E7CBC}.Release|Any CPU.ActiveCfg = Release|Any CPU
		{7EFC84BC-6A8A-4549-4886-8514F94E7CBC}.Release|Any CPU.Build.0 = Release|Any CPU
		{97A7BA0D-020B-10DD-00B2-B854B1109823}.Debug|Any CPU.ActiveCfg = Debug|Any CPU
		{97A7BA0D-020B-10DD-00B2-B854B1109823}.Debug|Any CPU.Build.0 = Debug|Any CPU
		{97A7BA0D-020B-10DD-00B2-B854B1109823}.Release|Any CPU.ActiveCfg = Release|Any CPU
		{97A7BA0D-020B-10DD-00B2-B854B1109823}.Release|Any CPU.Build.0 = Release|Any CPU
		{C9ACC5E7-EB10-B5D3-1A64-EF8C476D2CE4}.Debug|Any CPU.ActiveCfg = Debug|Any CPU
		{C9ACC5E7-EB10-B5D3-1A64-EF8C476D2CE4}.Debug|Any CPU.Build.0 = Debug|Any CPU
		{C9ACC5E7-EB10-B5D3-1A64-EF8C476D2CE4}.Release|Any CPU.ActiveCfg = Release|Any CPU
		{C9ACC5E7-EB10-B5D3-1A64-EF8C476D2CE4}.Release|Any CPU.Build.0 = Release|Any CPU
	EndGlobalSection
	GlobalSection(SolutionProperties) = preSolution
		HideSolutionNode = FALSE
	EndGlobalSection
EndGlobal
